
Microsoft Visual Studio Solution File, Format Version 12.00
# Visual Studio Version 17
VisualStudioVersion = 17.14.36511.14 d17.14
MinimumVisualStudioVersion = 10.0.40219.1
Project("{888888A0-9F3D-457C-B088-3A5042F75D52}") = "DTStoDDPlus", "DTStoDDPlus.pyproj", "{603A213C-F2FE-43C4-ABDC-56AF5704185D}"
EndProject
Global
	GlobalSection(SolutionConfigurationPlatforms) = preSolution
		Debug|Any CPU = Debug|Any CPU
		Release|Any CPU = Release|Any CPU
	EndGlobalSection
	GlobalSection(ProjectConfigurationPlatforms) = postSolution
		{603A213C-F2FE-43C4-ABDC-56AF5704185D}.Debug|Any CPU.ActiveCfg = Debug|Any CPU
		{603A213C-F2FE-43C4-ABDC-56AF5704185D}.Release|Any CPU.ActiveCfg = Release|Any CPU
	EndGlobalSection
	GlobalSection(SolutionProperties) = preSolution
		HideSolutionNode = FALSE
	EndGlobalSection
	GlobalSection(ExtensibilityGlobals) = postSolution
		SolutionGuid = {806CED88-4774-40BE-B826-5615E3795569}
	EndGlobalSection
EndGlobal
